// !$*UTF8*$!
{
	archiveVersion = 1;
	classes = {
	};
	objectVersion = 55;
	objects = {

/* Begin PBXBuildFile section */
		A54796A9B2E8ECA46E1A8665 /* Pods_AGC_Storage_3.framework in Frameworks */ = {isa = PBXBuildFile; fileRef = F29EC7E41B3CFB160975484F /* Pods_AGC_Storage_3.framework */; };
		FF31437B287BB67A001C59CD /* AppDelegate.swift in Sources */ = {isa = PBXBuildFile; fileRef = FF31437A287BB67A001C59CD /* AppDelegate.swift */; };
		FF31437D287BB67A001C59CD /* SceneDelegate.swift in Sources */ = {isa = PBXBuildFile; fileRef = FF31437C287BB67A001C59CD /* SceneDelegate.swift */; };
		FF31437F287BB67A001C59CD /* ViewController.swift in Sources */ = {isa = PBXBuildFile; fileRef = FF31437E287BB67A001C59CD /* ViewController.swift */; };
		FF314382287BB67A001C59CD /* Main.storyboard in Resources */ = {isa = PBXBuildFile; fileRef = FF314380287BB67A001C59CD /* Main.storyboard */; };
		FF314384287BB67B001C59CD /* Assets.xcassets in Resources */ = {isa = PBXBuildFile; fileRef = FF314383287BB67B001C59CD /* Assets.xcassets */; };
		FF314387287BB67B001C59CD /* LaunchScreen.storyboard in Resources */ = {isa = PBXBuildFile; fileRef = FF314385287BB67B001C59CD /* LaunchScreen.storyboard */; };
		FF31438F287BB832001C59CD /* agconnect-services.plist in Resources */ = {isa = PBXBuildFile; fileRef = FF31438E287BB832001C59CD /* agconnect-services.plist */; };
/* End PBXBuildFile section */

/* Begin PBXFileReference section */
		1CA2CDF45264DD03EE6848D6 /* Pods-AGC-Storage-3.release.xcconfig */ = {isa = PBXFileReference; includeInIndex = 1; lastKnownFileType = text.xcconfig; name = "Pods-AGC-Storage-3.release.xcconfig"; path = "Target Support Files/Pods-AGC-Storage-3/Pods-AGC-Storage-3.release.xcconfig"; sourceTree = "<group>"; };
		A8CE040FBC7C4E8F69F4613B /* Pods-AGC-Storage-3.debug.xcconfig */ = {isa = PBXFileReference; includeInIndex = 1; lastKnownFileType = text.xcconfig; name = "Pods-AGC-Storage-3.debug.xcconfig"; path = "Target Support Files/Pods-AGC-Storage-3/Pods-AGC-Storage-3.debug.xcconfig"; sourceTree = "<group>"; };
		F29EC7E41B3CFB160975484F /* Pods_AGC_Storage_3.framework */ = {isa = PBXFileReference; explicitFileType = wrapper.framework; includeInIndex = 0; path = Pods_AGC_Storage_3.framework; sourceTree = BUILT_PRODUCTS_DIR; };
		FF314377287BB67A001C59CD /* AGC-Storage-3.app */ = {isa = PBXFileReference; explicitFileType = wrapper.application; includeInIndex = 0; path = "AGC-Storage-3.app"; sourceTree = BUILT_PRODUCTS_DIR; };
		FF31437A287BB67A001C59CD /* AppDelegate.swift */ = {isa = PBXFileReference; lastKnownFileType = sourcecode.swift; path = AppDelegate.swift; sourceTree = "<group>"; };
		FF31437C287BB67A001C59CD /* SceneDelegate.swift */ = {isa = PBXFileReference; lastKnownFileType = sourcecode.swift; path = SceneDelegate.swift; sourceTree = "<group>"; };
		FF31437E287BB67A001C59CD /* ViewController.swift */ = {isa = PBXFileReference; lastKnownFileType = sourcecode.swift; path = ViewController.swift; sourceTree = "<group>"; };
		FF314381287BB67A001C59CD /* Base */ = {isa = PBXFileReference; lastKnownFileType = file.storyboard; name = Base; path = Base.lproj/Main.storyboard; sourceTree = "<group>"; };
		FF314383287BB67B001C59CD /* Assets.xcassets */ = {isa = PBXFileReference; lastKnownFileType = folder.assetcatalog; path = Assets.xcassets; sourceTree = "<group>"; };
		FF314386287BB67B001C59CD /* Base */ = {isa = PBXFileReference; lastKnownFileType = file.storyboard; name = Base; path = Base.lproj/LaunchScreen.storyboard; sourceTree = "<group>"; };
		FF314388287BB67B001C59CD /* Info.plist */ = {isa = PBXFileReference; lastKnownFileType = text.plist.xml; path = Info.plist; sourceTree = "<group>"; };
		FF31438E287BB832001C59CD /* agconnect-services.plist */ = {isa = PBXFileReference; fileEncoding = 4; lastKnownFileType = text.plist.xml; name = "agconnect-services.plist"; path = "../../../../6性能管理/Easy/AGC-APM-1/AGC-APM-1/agconnect-services.plist"; sourceTree = "<group>"; };
/* End PBXFileReference section */

/* Begin PBXFrameworksBuildPhase section */
		FF314374287BB67A001C59CD /* Frameworks */ = {
			isa = PBXFrameworksBuildPhase;
			buildActionMask = 2147483647;
			files = (
				A54796A9B2E8ECA46E1A8665 /* Pods_AGC_Storage_3.framework in Frameworks */,
			);
			runOnlyForDeploymentPostprocessing = 0;
		};
/* End PBXFrameworksBuildPhase section */

/* Begin PBXGroup section */
		310F65538143A10D75E4FB1D /* Frameworks */ = {
			isa = PBXGroup;
			children = (
				F29EC7E41B3CFB160975484F /* Pods_AGC_Storage_3.framework */,
			);
			name = Frameworks;
			sourceTree = "<group>";
		};
		CF8C67405B1DE9F24C78519C /* Pods */ = {
			isa = PBXGroup;
			children = (
				A8CE040FBC7C4E8F69F4613B /* Pods-AGC-Storage-3.debug.xcconfig */,
				1CA2CDF45264DD03EE6848D6 /* Pods-AGC-Storage-3.release.xcconfig */,
			);
			path = Pods;
			sourceTree = "<group>";
		};
		FF31436E287BB67A001C59CD = {
			isa = PBXGroup;
			children = (
				FF314379287BB67A001C59CD /* AGC-Storage-3 */,
				FF314378287BB67A001C59CD /* Products */,
				CF8C67405B1DE9F24C78519C /* Pods */,
				310F65538143A10D75E4FB1D /* Frameworks */,
			);
			sourceTree = "<group>";
		};
		FF314378287BB67A001C59CD /* Products */ = {
			isa = PBXGroup;
			children = (
				FF314377287BB67A001C59CD /* AGC-Storage-3.app */,
			);
			name = Products;
			sourceTree = "<group>";
		};
		FF314379287BB67A001C59CD /* AGC-Storage-3 */ = {
			isa = PBXGroup;
			children = (
				FF31438E287BB832001C59CD /* agconnect-services.plist */,
				FF31437A287BB67A001C59CD /* AppDelegate.swift */,
				FF31437C287BB67A001C59CD /* SceneDelegate.swift */,
				FF31437E287BB67A001C59CD /* ViewController.swift */,
				FF314380287BB67A001C59CD /* Main.storyboard */,
				FF314383287BB67B001C59CD /* Assets.xcassets */,
				FF314385287BB67B001C59CD /* LaunchScreen.storyboard */,
				FF314388287BB67B001C59CD /* Info.plist */,
			);
			path = "AGC-Storage-3";
			sourceTree = "<group>";
		};
/* End PBXGroup section */

/* Begin PBXNativeTarget section */
		FF314376287BB67A001C59CD /* AGC-Storage-3 */ = {
			isa = PBXNativeTarget;
			buildConfigurationList = FF31438B287BB67B001C59CD /* Build configuration list for PBXNativeTarget "AGC-Storage-3" */;
			buildPhases = (
				1EA558DD4E0D2DDD14A06008 /* [CP] Check Pods Manifest.lock */,
				FF314373287BB67A001C59CD /* Sources */,
				FF314374287BB67A001C59CD /* Frameworks */,
				FF314375287BB67A001C59CD /* Resources */,
				542B33D9C0D642E2C7E5CEA0 /* [CP] Copy Pods Resources */,
			);
			buildRules = (
			);
			dependencies = (
			);
			name = "AGC-Storage-3";
			productName = "AGC-Storage-3";
			productReference = FF314377287BB67A001C59CD /* AGC-Storage-3.app */;
			productType = "com.apple.product-type.application";
		};
/* End PBXNativeTarget section */

/* Begin PBXProject section */
		FF31436F287BB67A001C59CD /* Project object */ = {
			isa = PBXProject;
			attributes = {
				BuildIndependentTargetsInParallel = 1;
				LastSwiftUpdateCheck = 1330;
				LastUpgradeCheck = 1330;
				TargetAttributes = {
					FF314376287BB67A001C59CD = {
						CreatedOnToolsVersion = 13.3;
					};
				};
			};
			buildConfigurationList = FF314372287BB67A001C59CD /* Build configuration list for PBXProject "AGC-Storage-3" */;
			compatibilityVersion = "Xcode 13.0";
			developmentRegion = en;
			hasScannedForEncodings = 0;
			knownRegions = (
				en,
				Base,
			);
			mainGroup = FF31436E287BB67A001C59CD;
			productRefGroup = FF314378287BB67A001C59CD /* Products */;
			projectDirPath = "";
			projectRoot = "";
			targets = (
				FF314376287BB67A001C59CD /* AGC-Storage-3 */,
			);
		};
/* End PBXProject section */

/* Begin PBXResourcesBuildPhase section */
		FF314375287BB67A001C59CD /* Resources */ = {
			isa = PBXResourcesBuildPhase;
			buildActionMask = 2147483647;
			files = (
				FF314387287BB67B001C59CD /* LaunchScreen.storyboard in Resources */,
				FF31438F287BB832001C59CD /* agconnect-services.plist in Resources */,
				FF314384287BB67B001C59CD /* Assets.xcassets in Resources */,
				FF314382287BB67A001C59CD /* Main.storyboard in Resources */,
			);
			runOnlyForDeploymentPostprocessing = 0;
		};
/* End PBXResourcesBuildPhase section */

/* Begin PBXShellScriptBuildPhase section */
		1EA558DD4E0D2DDD14A06008 /* [CP] Check Pods Manifest.lock */ = {
			isa = PBXShellScriptBuildPhase;
			buildActionMask = 2147483647;
			files = (
			);
			inputFileListPaths = (
			);
			inputPaths = (
				"${PODS_PODFILE_DIR_PATH}/Podfile.lock",
				"${PODS_ROOT}/Manifest.lock",
			);
			name = "[CP] Check Pods Manifest.lock";
			outputFileListPaths = (
			);
			outputPaths = (
				"$(DERIVED_FILE_DIR)/Pods-AGC-Storage-3-checkManifestLockResult.txt",
			);
			runOnlyForDeploymentPostprocessing = 0;
			shellPath = /bin/sh;
			shellScript = "diff \"${PODS_PODFILE_DIR_PATH}/Podfile.lock\" \"${PODS_ROOT}/Manifest.lock\" > /dev/null\nif [ $? != 0 ] ; then\n    # print error to STDERR\n    echo \"error: The sandbox is not in sync with the Podfile.lock. Run 'pod install' or update your CocoaPods installation.\" >&2\n    exit 1\nfi\n# This output is used by Xcode 'outputs' to avoid re-running this script phase.\necho \"SUCCESS\" > \"${SCRIPT_OUTPUT_FILE_0}\"\n";
			showEnvVarsInLog = 0;
		};
		542B33D9C0D642E2C7E5CEA0 /* [CP] Copy Pods Resources */ = {
			isa = PBXShellScriptBuildPhase;
			buildActionMask = 2147483647;
			files = (
			);
			inputFileListPaths = (
				"${PODS_ROOT}/Target Support Files/Pods-AGC-Storage-3/Pods-AGC-Storage-3-resources-${CONFIGURATION}-input-files.xcfilelist",
			);
			name = "[CP] Copy Pods Resources";
			outputFileListPaths = (
				"${PODS_ROOT}/Target Support Files/Pods-AGC-Storage-3/Pods-AGC-Storage-3-resources-${CONFIGURATION}-output-files.xcfilelist",
			);
			runOnlyForDeploymentPostprocessing = 0;
			shellPath = /bin/sh;
			shellScript = "\"${PODS_ROOT}/Target Support Files/Pods-AGC-Storage-3/Pods-AGC-Storage-3-resources.sh\"\n";
			showEnvVarsInLog = 0;
		};
/* End PBXShellScriptBuildPhase section */

/* Begin PBXSourcesBuildPhase section */
		FF314373287BB67A001C59CD /* Sources */ = {
			isa = PBXSourcesBuildPhase;
			buildActionMask = 2147483647;
			files = (
				FF31437F287BB67A001C59CD /* ViewController.swift in Sources */,
				FF31437B287BB67A001C59CD /* AppDelegate.swift in Sources */,
				FF31437D287BB67A001C59CD /* SceneDelegate.swift in Sources */,
			);
			runOnlyForDeploymentPostprocessing = 0;
		};
/* End PBXSourcesBuildPhase section */

/* Begin PBXVariantGroup section */
		FF314380287BB67A001C59CD /* Main.storyboard */ = {
			isa = PBXVariantGroup;
			children = (
				FF314381287BB67A001C59CD /* Base */,
			);
			name = Main.storyboard;
			sourceTree = "<group>";
		};
		FF314385287BB67B001C59CD /* LaunchScreen.storyboard */ = {
			isa = PBXVariantGroup;
			children = (
				FF314386287BB67B001C59CD /* Base */,
			);
			name = LaunchScreen.storyboard;
			sourceTree = "<group>";
		};
/* End PBXVariantGroup section */

/* Begin XCBuildConfiguration section */
		FF314389287BB67B001C59CD /* Debug */ = {
			isa = XCBuildConfiguration;
			buildSettings = {
				ALWAYS_SEARCH_USER_PATHS = NO;
				CLANG_ANALYZER_NONNULL = YES;
				CLANG_ANALYZER_NUMBER_OBJECT_CONVERSION = YES_AGGRESSIVE;
				CLANG_CXX_LANGUAGE_STANDARD = "gnu++17";
				CLANG_ENABLE_MODULES = YES;
				CLANG_ENABLE_OBJC_ARC = YES;
				CLANG_ENABLE_OBJC_WEAK = YES;
				CLANG_WARN_BLOCK_CAPTURE_AUTORELEASING = YES;
				CLANG_WARN_BOOL_CONVERSION = YES;
				CLANG_WARN_COMMA = YES;
				CLANG_WARN_CONSTANT_CONVERSION = YES;
				CLANG_WARN_DEPRECATED_OBJC_IMPLEMENTATIONS = YES;
				CLANG_WARN_DIRECT_OBJC_ISA_USAGE = YES_ERROR;
				CLANG_WARN_DOCUMENTATION_COMMENTS = YES;
				CLANG_WARN_EMPTY_BODY = YES;
				CLANG_WARN_ENUM_CONVERSION = YES;
				CLANG_WARN_INFINITE_RECURSION = YES;
				CLANG_WARN_INT_CONVERSION = YES;
				CLANG_WARN_NON_LITERAL_NULL_CONVERSION = YES;
				CLANG_WARN_OBJC_IMPLICIT_RETAIN_SELF = YES;
				CLANG_WARN_OBJC_LITERAL_CONVERSION = YES;
				CLANG_WARN_OBJC_ROOT_CLASS = YES_ERROR;
				CLANG_WARN_QUOTED_INCLUDE_IN_FRAMEWORK_HEADER = YES;
				CLANG_WARN_RANGE_LOOP_ANALYSIS = YES;
				CLANG_WARN_STRICT_PROTOTYPES = YES;
				CLANG_WARN_SUSPICIOUS_MOVE = YES;
				CLANG_WARN_UNGUARDED_AVAILABILITY = YES_AGGRESSIVE;
				CLANG_WARN_UNREACHABLE_CODE = YES;
				CLANG_WARN__DUPLICATE_METHOD_MATCH = YES;
				COPY_PHASE_STRIP = NO;
				DEBUG_INFORMATION_FORMAT = dwarf;
				ENABLE_STRICT_OBJC_MSGSEND = YES;
				ENABLE_TESTABILITY = YES;
				GCC_C_LANGUAGE_STANDARD = gnu11;
				GCC_DYNAMIC_NO_PIC = NO;
				GCC_NO_COMMON_BLOCKS = YES;
				GCC_OPTIMIZATION_LEVEL = 0;
				GCC_PREPROCESSOR_DEFINITIONS = (
					"DEBUG=1",
					"$(inherited)",
				);
				GCC_WARN_64_TO_32_BIT_CONVERSION = YES;
				GCC_WARN_ABOUT_RETURN_TYPE = YES_ERROR;
				GCC_WARN_UNDECLARED_SELECTOR = YES;
				GCC_WARN_UNINITIALIZED_AUTOS = YES_AGGRESSIVE;
				GCC_WARN_UNUSED_FUNCTION = YES;
				GCC_WARN_UNUSED_VARIABLE = YES;
				IPHONEOS_DEPLOYMENT_TARGET = 15.4;
				MTL_ENABLE_DEBUG_INFO = INCLUDE_SOURCE;
				MTL_FAST_MATH = YES;
				ONLY_ACTIVE_ARCH = YES;
				SDKROOT = iphoneos;
				SWIFT_ACTIVE_COMPILATION_CONDITIONS = DEBUG;
				SWIFT_OPTIMIZATION_LEVEL = "-Onone";
			};
			name = Debug;
		};
		FF31438A287BB67B001C59CD /* Release */ = {
			isa = XCBuildConfiguration;
			buildSettings = {
				ALWAYS_SEARCH_USER_PATHS = NO;
				CLANG_ANALYZER_NONNULL = YES;
				CLANG_ANALYZER_NUMBER_OBJECT_CONVERSION = YES_AGGRESSIVE;
				CLANG_CXX_LANGUAGE_STANDARD = "gnu++17";
				CLANG_ENABLE_MODULES = YES;
				CLANG_ENABLE_OBJC_ARC = YES;
				CLANG_ENABLE_OBJC_WEAK = YES;
				CLANG_WARN_BLOCK_CAPTURE_AUTORELEASING = YES;
				CLANG_WARN_BOOL_CONVERSION = YES;
				CLANG_WARN_COMMA = YES;
				CLANG_WARN_CONSTANT_CONVERSION = YES;
				CLANG_WARN_DEPRECATED_OBJC_IMPLEMENTATIONS = YES;
				CLANG_WARN_DIRECT_OBJC_ISA_USAGE = YES_ERROR;
				CLANG_WARN_DOCUMENTATION_COMMENTS = YES;
				CLANG_WARN_EMPTY_BODY = YES;
				CLANG_WARN_ENUM_CONVERSION = YES;
				CLANG_WARN_INFINITE_RECURSION = YES;
				CLANG_WARN_INT_CONVERSION = YES;
				CLANG_WARN_NON_LITERAL_NULL_CONVERSION = YES;
				CLANG_WARN_OBJC_IMPLICIT_RETAIN_SELF = YES;
				CLANG_WARN_OBJC_LITERAL_CONVERSION = YES;
				CLANG_WARN_OBJC_ROOT_CLASS = YES_ERROR;
				CLANG_WARN_QUOTED_INCLUDE_IN_FRAMEWORK_HEADER = YES;
				CLANG_WARN_RANGE_LOOP_ANALYSIS = YES;
				CLANG_WARN_STRICT_PROTOTYPES = YES;
				CLANG_WARN_SUSPICIOUS_MOVE = YES;
				CLANG_WARN_UNGUARDED_AVAILABILITY = YES_AGGRESSIVE;
				CLANG_WARN_UNREACHABLE_CODE = YES;
				CLANG_WARN__DUPLICATE_METHOD_MATCH = YES;
				COPY_PHASE_STRIP = NO;
				DEBUG_INFORMATION_FORMAT = "dwarf-with-dsym";
				ENABLE_NS_ASSERTIONS = NO;
				ENABLE_STRICT_OBJC_MSGSEND = YES;
				GCC_C_LANGUAGE_STANDARD = gnu11;
				GCC_NO_COMMON_BLOCKS = YES;
				GCC_WARN_64_TO_32_BIT_CONVERSION = YES;
				GCC_WARN_ABOUT_RETURN_TYPE = YES_ERROR;
				GCC_WARN_UNDECLARED_SELECTOR = YES;
				GCC_WARN_UNINITIALIZED_AUTOS = YES_AGGRESSIVE;
				GCC_WARN_UNUSED_FUNCTION = YES;
				GCC_WARN_UNUSED_VARIABLE = YES;
				IPHONEOS_DEPLOYMENT_TARGET = 15.4;
				MTL_ENABLE_DEBUG_INFO = NO;
				MTL_FAST_MATH = YES;
				SDKROOT = iphoneos;
				SWIFT_COMPILATION_MODE = wholemodule;
				SWIFT_OPTIMIZATION_LEVEL = "-O";
				VALIDATE_PRODUCT = YES;
			};
			name = Release;
		};
		FF31438C287BB67B001C59CD /* Debug */ = {
			isa = XCBuildConfiguration;
			baseConfigurationReference = A8CE040FBC7C4E8F69F4613B /* Pods-AGC-Storage-3.debug.xcconfig */;
			buildSettings = {
				ASSETCATALOG_COMPILER_APPICON_NAME = AppIcon;
				ASSETCATALOG_COMPILER_GLOBAL_ACCENT_COLOR_NAME = AccentColor;
				CODE_SIGN_STYLE = Automatic;
				CURRENT_PROJECT_VERSION = 1;
				GENERATE_INFOPLIST_FILE = YES;
				INFOPLIST_FILE = "AGC-Storage-3/Info.plist";
				INFOPLIST_KEY_UIApplicationSupportsIndirectInputEvents = YES;
				INFOPLIST_KEY_UILaunchStoryboardName = LaunchScreen;
				INFOPLIST_KEY_UIMainStoryboardFile = Main;
				INFOPLIST_KEY_UISupportedInterfaceOrientations_iPad = "UIInterfaceOrientationPortrait UIInterfaceOrientationPortraitUpsideDown UIInterfaceOrientationLandscapeLeft UIInterfaceOrientationLandscapeRight";
				INFOPLIST_KEY_UISupportedInterfaceOrientations_iPhone = "UIInterfaceOrientationPortrait UIInterfaceOrientationLandscapeLeft UIInterfaceOrientationLandscapeRight";
				LD_RUNPATH_SEARCH_PATHS = (
					"$(inherited)",
					"@executable_path/Frameworks",
				);
				MARKETING_VERSION = 1.0;
				PRODUCT_BUNDLE_IDENTIFIER = com.lucky.agc.demo;
				PRODUCT_NAME = "$(TARGET_NAME)";
				SWIFT_EMIT_LOC_STRINGS = YES;
				SWIFT_VERSION = 5.0;
				TARGETED_DEVICE_FAMILY = "1,2";
			};
			name = Debug;
		};
		FF31438D287BB67B001C59CD /* Release */ = {
			isa = XCBuildConfiguration;
			baseConfigurationReference = 1CA2CDF45264DD03EE6848D6 /* Pods-AGC-Storage-3.release.xcconfig */;
			buildSettings = {
				ASSETCATALOG_COMPILER_APPICON_NAME = AppIcon;
				ASSETCATALOG_COMPILER_GLOBAL_ACCENT_COLOR_NAME = AccentColor;
				CODE_SIGN_STYLE = Automatic;
				CURRENT_PROJECT_VERSION = 1;
				GENERATE_INFOPLIST_FILE = YES;
				INFOPLIST_FILE = "AGC-Storage-3/Info.plist";
				INFOPLIST_KEY_UIApplicationSupportsIndirectInputEvents = YES;
				INFOPLIST_KEY_UILaunchStoryboardName = LaunchScreen;
				INFOPLIST_KEY_UIMainStoryboardFile = Main;
				INFOPLIST_KEY_UISupportedInterfaceOrientations_iPad = "UIInterfaceOrientationPortrait UIInterfaceOrientationPortraitUpsideDown UIInterfaceOrientationLandscapeLeft UIInterfaceOrientationLandscapeRight";
				INFOPLIST_KEY_UISupportedInterfaceOrientations_iPhone = "UIInterfaceOrientationPortrait UIInterfaceOrientationLandscapeLeft UIInterfaceOrientationLandscapeRight";
				LD_RUNPATH_SEARCH_PATHS = (
					"$(inherited)",
					"@executable_path/Frameworks",
				);
				MARKETING_VERSION = 1.0;
				PRODUCT_BUNDLE_IDENTIFIER = com.lucky.agc.demo;
				PRODUCT_NAME = "$(TARGET_NAME)";
				SWIFT_EMIT_LOC_STRINGS = YES;
				SWIFT_VERSION = 5.0;
				TARGETED_DEVICE_FAMILY = "1,2";
			};
			name = Release;
		};
/* End XCBuildConfiguration section */

/* Begin XCConfigurationList section */
		FF314372287BB67A001C59CD /* Build configuration list for PBXProject "AGC-Storage-3" */ = {
			isa = XCConfigurationList;
			buildConfigurations = (
				FF314389287BB67B001C59CD /* Debug */,
				FF31438A287BB67B001C59CD /* Release */,
			);
			defaultConfigurationIsVisible = 0;
			defaultConfigurationName = Release;
		};
		FF31438B287BB67B001C59CD /* Build configuration list for PBXNativeTarget "AGC-Storage-3" */ = {
			isa = XCConfigurationList;
			buildConfigurations = (
				FF31438C287BB67B001C59CD /* Debug */,
				FF31438D287BB67B001C59CD /* Release */,
			);
			defaultConfigurationIsVisible = 0;
			defaultConfigurationName = Release;
		};
/* End XCConfigurationList section */
	};
	rootObject = FF31436F287BB67A001C59CD /* Project object */;
}
