// !$*UTF8*$!
{
	archiveVersion = 1;
	classes = {
	};
	objectVersion = 55;
	objects = {

/* Begin PBXBuildFile section */
		775E17EDD67C93D2C2937C24 /* Pods_AGC_Storage_2.framework in Frameworks */ = {isa = PBXBuildFile; fileRef = 042904B0861F448BCE3E1542 /* Pods_AGC_Storage_2.framework */; };
		FF4929E62872908C00FDA6E3 /* AppDelegate.swift in Sources */ = {isa = PBXBuildFile; fileRef = FF4929E52872908C00FDA6E3 /* AppDelegate.swift */; };
		FF4929E82872908C00FDA6E3 /* SceneDelegate.swift in Sources */ = {isa = PBXBuildFile; fileRef = FF4929E72872908C00FDA6E3 /* SceneDelegate.swift */; };
		FF4929EA2872908C00FDA6E3 /* ViewController.swift in Sources */ = {isa = PBXBuildFile; fileRef = FF4929E92872908C00FDA6E3 /* ViewController.swift */; };
		FF4929ED2872908C00FDA6E3 /* Main.storyboard in Resources */ = {isa = PBXBuildFile; fileRef = FF4929EB2872908C00FDA6E3 /* Main.storyboard */; };
		FF4929EF2872908F00FDA6E3 /* Assets.xcassets in Resources */ = {isa = PBXBuildFile; fileRef = FF4929EE2872908F00FDA6E3 /* Assets.xcassets */; };
		FF4929F22872908F00FDA6E3 /* LaunchScreen.storyboard in Resources */ = {isa = PBXBuildFile; fileRef = FF4929F02872908F00FDA6E3 /* LaunchScreen.storyboard */; };
		FF4929FA2872947F00FDA6E3 /* agconnect-services.plist in Resources */ = {isa = PBXBuildFile; fileRef = FF4929F92872947F00FDA6E3 /* agconnect-services.plist */; };
/* End PBXBuildFile section */

/* Begin PBXFileReference section */
		042904B0861F448BCE3E1542 /* Pods_AGC_Storage_2.framework */ = {isa = PBXFileReference; explicitFileType = wrapper.framework; includeInIndex = 0; path = Pods_AGC_Storage_2.framework; sourceTree = BUILT_PRODUCTS_DIR; };
		1507796DC4CA31F5FD2F953E /* Pods-AGC-Storage-2.debug.xcconfig */ = {isa = PBXFileReference; includeInIndex = 1; lastKnownFileType = text.xcconfig; name = "Pods-AGC-Storage-2.debug.xcconfig"; path = "Target Support Files/Pods-AGC-Storage-2/Pods-AGC-Storage-2.debug.xcconfig"; sourceTree = "<group>"; };
		9DFD931B3135C71E94AE14EA /* Pods-AGC-Storage-2.release.xcconfig */ = {isa = PBXFileReference; includeInIndex = 1; lastKnownFileType = text.xcconfig; name = "Pods-AGC-Storage-2.release.xcconfig"; path = "Target Support Files/Pods-AGC-Storage-2/Pods-AGC-Storage-2.release.xcconfig"; sourceTree = "<group>"; };
		FF4929E22872908C00FDA6E3 /* AGC-Storage-2.app */ = {isa = PBXFileReference; explicitFileType = wrapper.application; includeInIndex = 0; path = "AGC-Storage-2.app"; sourceTree = BUILT_PRODUCTS_DIR; };
		FF4929E52872908C00FDA6E3 /* AppDelegate.swift */ = {isa = PBXFileReference; lastKnownFileType = sourcecode.swift; path = AppDelegate.swift; sourceTree = "<group>"; };
		FF4929E72872908C00FDA6E3 /* SceneDelegate.swift */ = {isa = PBXFileReference; lastKnownFileType = sourcecode.swift; path = SceneDelegate.swift; sourceTree = "<group>"; };
		FF4929E92872908C00FDA6E3 /* ViewController.swift */ = {isa = PBXFileReference; lastKnownFileType = sourcecode.swift; path = ViewController.swift; sourceTree = "<group>"; };
		FF4929EC2872908C00FDA6E3 /* Base */ = {isa = PBXFileReference; lastKnownFileType = file.storyboard; name = Base; path = Base.lproj/Main.storyboard; sourceTree = "<group>"; };
		FF4929EE2872908F00FDA6E3 /* Assets.xcassets */ = {isa = PBXFileReference; lastKnownFileType = folder.assetcatalog; path = Assets.xcassets; sourceTree = "<group>"; };
		FF4929F12872908F00FDA6E3 /* Base */ = {isa = PBXFileReference; lastKnownFileType = file.storyboard; name = Base; path = Base.lproj/LaunchScreen.storyboard; sourceTree = "<group>"; };
		FF4929F32872908F00FDA6E3 /* Info.plist */ = {isa = PBXFileReference; lastKnownFileType = text.plist.xml; path = Info.plist; sourceTree = "<group>"; };
		FF4929F92872947F00FDA6E3 /* agconnect-services.plist */ = {isa = PBXFileReference; fileEncoding = 4; lastKnownFileType = text.plist.xml; name = "agconnect-services.plist"; path = "../../../../7云函数/Easy/AGC-Function-1/agconnect-services.plist"; sourceTree = "<group>"; };
/* End PBXFileReference section */

/* Begin PBXFrameworksBuildPhase section */
		FF4929DF2872908C00FDA6E3 /* Frameworks */ = {
			isa = PBXFrameworksBuildPhase;
			buildActionMask = 2147483647;
			files = (
				775E17EDD67C93D2C2937C24 /* Pods_AGC_Storage_2.framework in Frameworks */,
			);
			runOnlyForDeploymentPostprocessing = 0;
		};
/* End PBXFrameworksBuildPhase section */

/* Begin PBXGroup section */
		A9D35D787B0B9D11A1882320 /* Frameworks */ = {
			isa = PBXGroup;
			children = (
				042904B0861F448BCE3E1542 /* Pods_AGC_Storage_2.framework */,
			);
			name = Frameworks;
			sourceTree = "<group>";
		};
		E055DA46C318EE62A651DBBC /* Pods */ = {
			isa = PBXGroup;
			children = (
				1507796DC4CA31F5FD2F953E /* Pods-AGC-Storage-2.debug.xcconfig */,
				9DFD931B3135C71E94AE14EA /* Pods-AGC-Storage-2.release.xcconfig */,
			);
			path = Pods;
			sourceTree = "<group>";
		};
		FF4929D92872908C00FDA6E3 = {
			isa = PBXGroup;
			children = (
				FF4929E42872908C00FDA6E3 /* AGC-Storage-2 */,
				FF4929E32872908C00FDA6E3 /* Products */,
				E055DA46C318EE62A651DBBC /* Pods */,
				A9D35D787B0B9D11A1882320 /* Frameworks */,
			);
			sourceTree = "<group>";
		};
		FF4929E32872908C00FDA6E3 /* Products */ = {
			isa = PBXGroup;
			children = (
				FF4929E22872908C00FDA6E3 /* AGC-Storage-2.app */,
			);
			name = Products;
			sourceTree = "<group>";
		};
		FF4929E42872908C00FDA6E3 /* AGC-Storage-2 */ = {
			isa = PBXGroup;
			children = (
				FF4929F92872947F00FDA6E3 /* agconnect-services.plist */,
				FF4929E52872908C00FDA6E3 /* AppDelegate.swift */,
				FF4929E72872908C00FDA6E3 /* SceneDelegate.swift */,
				FF4929E92872908C00FDA6E3 /* ViewController.swift */,
				FF4929EB2872908C00FDA6E3 /* Main.storyboard */,
				FF4929EE2872908F00FDA6E3 /* Assets.xcassets */,
				FF4929F02872908F00FDA6E3 /* LaunchScreen.storyboard */,
				FF4929F32872908F00FDA6E3 /* Info.plist */,
			);
			path = "AGC-Storage-2";
			sourceTree = "<group>";
		};
/* End PBXGroup section */

/* Begin PBXNativeTarget section */
		FF4929E12872908C00FDA6E3 /* AGC-Storage-2 */ = {
			isa = PBXNativeTarget;
			buildConfigurationList = FF4929F62872908F00FDA6E3 /* Build configuration list for PBXNativeTarget "AGC-Storage-2" */;
			buildPhases = (
				1FDC8FE90CA4C3D3840747F7 /* [CP] Check Pods Manifest.lock */,
				FF4929DE2872908C00FDA6E3 /* Sources */,
				FF4929DF2872908C00FDA6E3 /* Frameworks */,
				FF4929E02872908C00FDA6E3 /* Resources */,
				4928538337D034A7371AA584 /* [CP] Copy Pods Resources */,
			);
			buildRules = (
			);
			dependencies = (
			);
			name = "AGC-Storage-2";
			productName = "AGC-Storage-2";
			productReference = FF4929E22872908C00FDA6E3 /* AGC-Storage-2.app */;
			productType = "com.apple.product-type.application";
		};
/* End PBXNativeTarget section */

/* Begin PBXProject section */
		FF4929DA2872908C00FDA6E3 /* Project object */ = {
			isa = PBXProject;
			attributes = {
				BuildIndependentTargetsInParallel = 1;
				LastSwiftUpdateCheck = 1330;
				LastUpgradeCheck = 1330;
				TargetAttributes = {
					FF4929E12872908C00FDA6E3 = {
						CreatedOnToolsVersion = 13.3;
					};
				};
			};
			buildConfigurationList = FF4929DD2872908C00FDA6E3 /* Build configuration list for PBXProject "AGC-Storage-2" */;
			compatibilityVersion = "Xcode 13.0";
			developmentRegion = en;
			hasScannedForEncodings = 0;
			knownRegions = (
				en,
				Base,
			);
			mainGroup = FF4929D92872908C00FDA6E3;
			productRefGroup = FF4929E32872908C00FDA6E3 /* Products */;
			projectDirPath = "";
			projectRoot = "";
			targets = (
				FF4929E12872908C00FDA6E3 /* AGC-Storage-2 */,
			);
		};
/* End PBXProject section */

/* Begin PBXResourcesBuildPhase section */
		FF4929E02872908C00FDA6E3 /* Resources */ = {
			isa = PBXResourcesBuildPhase;
			buildActionMask = 2147483647;
			files = (
				FF4929F22872908F00FDA6E3 /* LaunchScreen.storyboard in Resources */,
				FF4929FA2872947F00FDA6E3 /* agconnect-services.plist in Resources */,
				FF4929EF2872908F00FDA6E3 /* Assets.xcassets in Resources */,
				FF4929ED2872908C00FDA6E3 /* Main.storyboard in Resources */,
			);
			runOnlyForDeploymentPostprocessing = 0;
		};
/* End PBXResourcesBuildPhase section */

/* Begin PBXShellScriptBuildPhase section */
		1FDC8FE90CA4C3D3840747F7 /* [CP] Check Pods Manifest.lock */ = {
			isa = PBXShellScriptBuildPhase;
			buildActionMask = 2147483647;
			files = (
			);
			inputFileListPaths = (
			);
			inputPaths = (
				"${PODS_PODFILE_DIR_PATH}/Podfile.lock",
				"${PODS_ROOT}/Manifest.lock",
			);
			name = "[CP] Check Pods Manifest.lock";
			outputFileListPaths = (
			);
			outputPaths = (
				"$(DERIVED_FILE_DIR)/Pods-AGC-Storage-2-checkManifestLockResult.txt",
			);
			runOnlyForDeploymentPostprocessing = 0;
			shellPath = /bin/sh;
			shellScript = "diff \"${PODS_PODFILE_DIR_PATH}/Podfile.lock\" \"${PODS_ROOT}/Manifest.lock\" > /dev/null\nif [ $? != 0 ] ; then\n    # print error to STDERR\n    echo \"error: The sandbox is not in sync with the Podfile.lock. Run 'pod install' or update your CocoaPods installation.\" >&2\n    exit 1\nfi\n# This output is used by Xcode 'outputs' to avoid re-running this script phase.\necho \"SUCCESS\" > \"${SCRIPT_OUTPUT_FILE_0}\"\n";
			showEnvVarsInLog = 0;
		};
		4928538337D034A7371AA584 /* [CP] Copy Pods Resources */ = {
			isa = PBXShellScriptBuildPhase;
			buildActionMask = 2147483647;
			files = (
			);
			inputFileListPaths = (
				"${PODS_ROOT}/Target Support Files/Pods-AGC-Storage-2/Pods-AGC-Storage-2-resources-${CONFIGURATION}-input-files.xcfilelist",
			);
			name = "[CP] Copy Pods Resources";
			outputFileListPaths = (
				"${PODS_ROOT}/Target Support Files/Pods-AGC-Storage-2/Pods-AGC-Storage-2-resources-${CONFIGURATION}-output-files.xcfilelist",
			);
			runOnlyForDeploymentPostprocessing = 0;
			shellPath = /bin/sh;
			shellScript = "\"${PODS_ROOT}/Target Support Files/Pods-AGC-Storage-2/Pods-AGC-Storage-2-resources.sh\"\n";
			showEnvVarsInLog = 0;
		};
/* End PBXShellScriptBuildPhase section */

/* Begin PBXSourcesBuildPhase section */
		FF4929DE2872908C00FDA6E3 /* Sources */ = {
			isa = PBXSourcesBuildPhase;
			buildActionMask = 2147483647;
			files = (
				FF4929EA2872908C00FDA6E3 /* ViewController.swift in Sources */,
				FF4929E62872908C00FDA6E3 /* AppDelegate.swift in Sources */,
				FF4929E82872908C00FDA6E3 /* SceneDelegate.swift in Sources */,
			);
			runOnlyForDeploymentPostprocessing = 0;
		};
/* End PBXSourcesBuildPhase section */

/* Begin PBXVariantGroup section */
		FF4929EB2872908C00FDA6E3 /* Main.storyboard */ = {
			isa = PBXVariantGroup;
			children = (
				FF4929EC2872908C00FDA6E3 /* Base */,
			);
			name = Main.storyboard;
			sourceTree = "<group>";
		};
		FF4929F02872908F00FDA6E3 /* LaunchScreen.storyboard */ = {
			isa = PBXVariantGroup;
			children = (
				FF4929F12872908F00FDA6E3 /* Base */,
			);
			name = LaunchScreen.storyboard;
			sourceTree = "<group>";
		};
/* End PBXVariantGroup section */

/* Begin XCBuildConfiguration section */
		FF4929F42872908F00FDA6E3 /* Debug */ = {
			isa = XCBuildConfiguration;
			buildSettings = {
				ALWAYS_SEARCH_USER_PATHS = NO;
				CLANG_ANALYZER_NONNULL = YES;
				CLANG_ANALYZER_NUMBER_OBJECT_CONVERSION = YES_AGGRESSIVE;
				CLANG_CXX_LANGUAGE_STANDARD = "gnu++17";
				CLANG_ENABLE_MODULES = YES;
				CLANG_ENABLE_OBJC_ARC = YES;
				CLANG_ENABLE_OBJC_WEAK = YES;
				CLANG_WARN_BLOCK_CAPTURE_AUTORELEASING = YES;
				CLANG_WARN_BOOL_CONVERSION = YES;
				CLANG_WARN_COMMA = YES;
				CLANG_WARN_CONSTANT_CONVERSION = YES;
				CLANG_WARN_DEPRECATED_OBJC_IMPLEMENTATIONS = YES;
				CLANG_WARN_DIRECT_OBJC_ISA_USAGE = YES_ERROR;
				CLANG_WARN_DOCUMENTATION_COMMENTS = YES;
				CLANG_WARN_EMPTY_BODY = YES;
				CLANG_WARN_ENUM_CONVERSION = YES;
				CLANG_WARN_INFINITE_RECURSION = YES;
				CLANG_WARN_INT_CONVERSION = YES;
				CLANG_WARN_NON_LITERAL_NULL_CONVERSION = YES;
				CLANG_WARN_OBJC_IMPLICIT_RETAIN_SELF = YES;
				CLANG_WARN_OBJC_LITERAL_CONVERSION = YES;
				CLANG_WARN_OBJC_ROOT_CLASS = YES_ERROR;
				CLANG_WARN_QUOTED_INCLUDE_IN_FRAMEWORK_HEADER = YES;
				CLANG_WARN_RANGE_LOOP_ANALYSIS = YES;
				CLANG_WARN_STRICT_PROTOTYPES = YES;
				CLANG_WARN_SUSPICIOUS_MOVE = YES;
				CLANG_WARN_UNGUARDED_AVAILABILITY = YES_AGGRESSIVE;
				CLANG_WARN_UNREACHABLE_CODE = YES;
				CLANG_WARN__DUPLICATE_METHOD_MATCH = YES;
				COPY_PHASE_STRIP = NO;
				DEBUG_INFORMATION_FORMAT = dwarf;
				ENABLE_STRICT_OBJC_MSGSEND = YES;
				ENABLE_TESTABILITY = YES;
				GCC_C_LANGUAGE_STANDARD = gnu11;
				GCC_DYNAMIC_NO_PIC = NO;
				GCC_NO_COMMON_BLOCKS = YES;
				GCC_OPTIMIZATION_LEVEL = 0;
				GCC_PREPROCESSOR_DEFINITIONS = (
					"DEBUG=1",
					"$(inherited)",
				);
				GCC_WARN_64_TO_32_BIT_CONVERSION = YES;
				GCC_WARN_ABOUT_RETURN_TYPE = YES_ERROR;
				GCC_WARN_UNDECLARED_SELECTOR = YES;
				GCC_WARN_UNINITIALIZED_AUTOS = YES_AGGRESSIVE;
				GCC_WARN_UNUSED_FUNCTION = YES;
				GCC_WARN_UNUSED_VARIABLE = YES;
				IPHONEOS_DEPLOYMENT_TARGET = 15.4;
				MTL_ENABLE_DEBUG_INFO = INCLUDE_SOURCE;
				MTL_FAST_MATH = YES;
				ONLY_ACTIVE_ARCH = YES;
				SDKROOT = iphoneos;
				SWIFT_ACTIVE_COMPILATION_CONDITIONS = DEBUG;
				SWIFT_OPTIMIZATION_LEVEL = "-Onone";
			};
			name = Debug;
		};
		FF4929F52872908F00FDA6E3 /* Release */ = {
			isa = XCBuildConfiguration;
			buildSettings = {
				ALWAYS_SEARCH_USER_PATHS = NO;
				CLANG_ANALYZER_NONNULL = YES;
				CLANG_ANALYZER_NUMBER_OBJECT_CONVERSION = YES_AGGRESSIVE;
				CLANG_CXX_LANGUAGE_STANDARD = "gnu++17";
				CLANG_ENABLE_MODULES = YES;
				CLANG_ENABLE_OBJC_ARC = YES;
				CLANG_ENABLE_OBJC_WEAK = YES;
				CLANG_WARN_BLOCK_CAPTURE_AUTORELEASING = YES;
				CLANG_WARN_BOOL_CONVERSION = YES;
				CLANG_WARN_COMMA = YES;
				CLANG_WARN_CONSTANT_CONVERSION = YES;
				CLANG_WARN_DEPRECATED_OBJC_IMPLEMENTATIONS = YES;
				CLANG_WARN_DIRECT_OBJC_ISA_USAGE = YES_ERROR;
				CLANG_WARN_DOCUMENTATION_COMMENTS = YES;
				CLANG_WARN_EMPTY_BODY = YES;
				CLANG_WARN_ENUM_CONVERSION = YES;
				CLANG_WARN_INFINITE_RECURSION = YES;
				CLANG_WARN_INT_CONVERSION = YES;
				CLANG_WARN_NON_LITERAL_NULL_CONVERSION = YES;
				CLANG_WARN_OBJC_IMPLICIT_RETAIN_SELF = YES;
				CLANG_WARN_OBJC_LITERAL_CONVERSION = YES;
				CLANG_WARN_OBJC_ROOT_CLASS = YES_ERROR;
				CLANG_WARN_QUOTED_INCLUDE_IN_FRAMEWORK_HEADER = YES;
				CLANG_WARN_RANGE_LOOP_ANALYSIS = YES;
				CLANG_WARN_STRICT_PROTOTYPES = YES;
				CLANG_WARN_SUSPICIOUS_MOVE = YES;
				CLANG_WARN_UNGUARDED_AVAILABILITY = YES_AGGRESSIVE;
				CLANG_WARN_UNREACHABLE_CODE = YES;
				CLANG_WARN__DUPLICATE_METHOD_MATCH = YES;
				COPY_PHASE_STRIP = NO;
				DEBUG_INFORMATION_FORMAT = "dwarf-with-dsym";
				ENABLE_NS_ASSERTIONS = NO;
				ENABLE_STRICT_OBJC_MSGSEND = YES;
				GCC_C_LANGUAGE_STANDARD = gnu11;
				GCC_NO_COMMON_BLOCKS = YES;
				GCC_WARN_64_TO_32_BIT_CONVERSION = YES;
				GCC_WARN_ABOUT_RETURN_TYPE = YES_ERROR;
				GCC_WARN_UNDECLARED_SELECTOR = YES;
				GCC_WARN_UNINITIALIZED_AUTOS = YES_AGGRESSIVE;
				GCC_WARN_UNUSED_FUNCTION = YES;
				GCC_WARN_UNUSED_VARIABLE = YES;
				IPHONEOS_DEPLOYMENT_TARGET = 15.4;
				MTL_ENABLE_DEBUG_INFO = NO;
				MTL_FAST_MATH = YES;
				SDKROOT = iphoneos;
				SWIFT_COMPILATION_MODE = wholemodule;
				SWIFT_OPTIMIZATION_LEVEL = "-O";
				VALIDATE_PRODUCT = YES;
			};
			name = Release;
		};
		FF4929F72872908F00FDA6E3 /* Debug */ = {
			isa = XCBuildConfiguration;
			baseConfigurationReference = 1507796DC4CA31F5FD2F953E /* Pods-AGC-Storage-2.debug.xcconfig */;
			buildSettings = {
				ASSETCATALOG_COMPILER_APPICON_NAME = AppIcon;
				ASSETCATALOG_COMPILER_GLOBAL_ACCENT_COLOR_NAME = AccentColor;
				CODE_SIGN_STYLE = Automatic;
				CURRENT_PROJECT_VERSION = 1;
				GENERATE_INFOPLIST_FILE = YES;
				INFOPLIST_FILE = "AGC-Storage-2/Info.plist";
				INFOPLIST_KEY_UIApplicationSupportsIndirectInputEvents = YES;
				INFOPLIST_KEY_UILaunchStoryboardName = LaunchScreen;
				INFOPLIST_KEY_UIMainStoryboardFile = Main;
				INFOPLIST_KEY_UISupportedInterfaceOrientations_iPad = "UIInterfaceOrientationPortrait UIInterfaceOrientationPortraitUpsideDown UIInterfaceOrientationLandscapeLeft UIInterfaceOrientationLandscapeRight";
				INFOPLIST_KEY_UISupportedInterfaceOrientations_iPhone = "UIInterfaceOrientationPortrait UIInterfaceOrientationLandscapeLeft UIInterfaceOrientationLandscapeRight";
				LD_RUNPATH_SEARCH_PATHS = (
					"$(inherited)",
					"@executable_path/Frameworks",
				);
				MARKETING_VERSION = 1.0;
				PRODUCT_BUNDLE_IDENTIFIER = com.lucky.agc.demo;
				PRODUCT_NAME = "$(TARGET_NAME)";
				SWIFT_EMIT_LOC_STRINGS = YES;
				SWIFT_VERSION = 5.0;
				TARGETED_DEVICE_FAMILY = "1,2";
			};
			name = Debug;
		};
		FF4929F82872908F00FDA6E3 /* Release */ = {
			isa = XCBuildConfiguration;
			baseConfigurationReference = 9DFD931B3135C71E94AE14EA /* Pods-AGC-Storage-2.release.xcconfig */;
			buildSettings = {
				ASSETCATALOG_COMPILER_APPICON_NAME = AppIcon;
				ASSETCATALOG_COMPILER_GLOBAL_ACCENT_COLOR_NAME = AccentColor;
				CODE_SIGN_STYLE = Automatic;
				CURRENT_PROJECT_VERSION = 1;
				GENERATE_INFOPLIST_FILE = YES;
				INFOPLIST_FILE = "AGC-Storage-2/Info.plist";
				INFOPLIST_KEY_UIApplicationSupportsIndirectInputEvents = YES;
				INFOPLIST_KEY_UILaunchStoryboardName = LaunchScreen;
				INFOPLIST_KEY_UIMainStoryboardFile = Main;
				INFOPLIST_KEY_UISupportedInterfaceOrientations_iPad = "UIInterfaceOrientationPortrait UIInterfaceOrientationPortraitUpsideDown UIInterfaceOrientationLandscapeLeft UIInterfaceOrientationLandscapeRight";
				INFOPLIST_KEY_UISupportedInterfaceOrientations_iPhone = "UIInterfaceOrientationPortrait UIInterfaceOrientationLandscapeLeft UIInterfaceOrientationLandscapeRight";
				LD_RUNPATH_SEARCH_PATHS = (
					"$(inherited)",
					"@executable_path/Frameworks",
				);
				MARKETING_VERSION = 1.0;
				PRODUCT_BUNDLE_IDENTIFIER = com.lucky.agc.demo;
				PRODUCT_NAME = "$(TARGET_NAME)";
				SWIFT_EMIT_LOC_STRINGS = YES;
				SWIFT_VERSION = 5.0;
				TARGETED_DEVICE_FAMILY = "1,2";
			};
			name = Release;
		};
/* End XCBuildConfiguration section */

/* Begin XCConfigurationList section */
		FF4929DD2872908C00FDA6E3 /* Build configuration list for PBXProject "AGC-Storage-2" */ = {
			isa = XCConfigurationList;
			buildConfigurations = (
				FF4929F42872908F00FDA6E3 /* Debug */,
				FF4929F52872908F00FDA6E3 /* Release */,
			);
			defaultConfigurationIsVisible = 0;
			defaultConfigurationName = Release;
		};
		FF4929F62872908F00FDA6E3 /* Build configuration list for PBXNativeTarget "AGC-Storage-2" */ = {
			isa = XCConfigurationList;
			buildConfigurations = (
				FF4929F72872908F00FDA6E3 /* Debug */,
				FF4929F82872908F00FDA6E3 /* Release */,
			);
			defaultConfigurationIsVisible = 0;
			defaultConfigurationName = Release;
		};
/* End XCConfigurationList section */
	};
	rootObject = FF4929DA2872908C00FDA6E3 /* Project object */;
}
